// !$*UTF8*$!
{
	archiveVersion = 1;
	classes = {
	};
	objectVersion = 50;
	objects = {

/* Begin PBXBuildFile section */
		9012D8A424A0139700F5D319 /* Hexagon.swift in Sources */ = {isa = PBXBuildFile; fileRef = 9012D8A324A0139700F5D319 /* Hexagon.swift */; };
		9012D8A624A0DF4300F5D319 /* Colors.swift in Sources */ = {isa = PBXBuildFile; fileRef = 9012D8A524A0DF4300F5D319 /* Colors.swift */; };
		9081D83424AA38C200AA5201 /* LabelViewModifier.swift in Sources */ = {isa = PBXBuildFile; fileRef = 9081D83324AA38C200AA5201 /* LabelViewModifier.swift */; };
		9081D83624AA395700AA5201 /* Ring.swift in Sources */ = {isa = PBXBuildFile; fileRef = 9081D83524AA395600AA5201 /* Ring.swift */; };
		9081D83824AA3A7B00AA5201 /* PaddedButtonStyle.swift in Sources */ = {isa = PBXBuildFile; fileRef = 9081D83724AA3A7B00AA5201 /* PaddedButtonStyle.swift */; };
		9081D83C24AA806D00AA5201 /* BPM.swift in Sources */ = {isa = PBXBuildFile; fileRef = 9081D83B24AA806D00AA5201 /* BPM.swift */; };
		909E03C124663FC60090A580 /* Tap 4 BPM.app in Embed Watch Content */ = {isa = PBXBuildFile; fileRef = 909E03C024663FC60090A580 /* Tap 4 BPM.app */; settings = {ATTRIBUTES = (RemoveHeadersOnCopy, ); }; };
		909E03C724663FC60090A580 /* Interface.storyboard in Resources */ = {isa = PBXBuildFile; fileRef = 909E03C524663FC60090A580 /* Interface.storyboard */; };
		909E03C924663FC80090A580 /* Assets.xcassets in Resources */ = {isa = PBXBuildFile; fileRef = 909E03C824663FC80090A580 /* Assets.xcassets */; };
		909E03D024663FC80090A580 /* Tap 4 BPM.appex in Embed App Extensions */ = {isa = PBXBuildFile; fileRef = 909E03CF24663FC80090A580 /* Tap 4 BPM.appex */; settings = {ATTRIBUTES = (RemoveHeadersOnCopy, ); }; };
		909E03D524663FC80090A580 /* ContentView.swift in Sources */ = {isa = PBXBuildFile; fileRef = 909E03D424663FC80090A580 /* ContentView.swift */; };
		909E03D724663FC80090A580 /* HostingController.swift in Sources */ = {isa = PBXBuildFile; fileRef = 909E03D624663FC80090A580 /* HostingController.swift */; };
		909E03D924663FC80090A580 /* ExtensionDelegate.swift in Sources */ = {isa = PBXBuildFile; fileRef = 909E03D824663FC80090A580 /* ExtensionDelegate.swift */; };
		909E03DB24663FC80090A580 /* NotificationController.swift in Sources */ = {isa = PBXBuildFile; fileRef = 909E03DA24663FC80090A580 /* NotificationController.swift */; };
		909E03DD24663FC80090A580 /* NotificationView.swift in Sources */ = {isa = PBXBuildFile; fileRef = 909E03DC24663FC80090A580 /* NotificationView.swift */; };
		909E03DF24663FC80090A580 /* ComplicationController.swift in Sources */ = {isa = PBXBuildFile; fileRef = 909E03DE24663FC80090A580 /* ComplicationController.swift */; };
		909E03E124663FC80090A580 /* Assets.xcassets in Resources */ = {isa = PBXBuildFile; fileRef = 909E03E024663FC80090A580 /* Assets.xcassets */; };
		909E03E424663FC80090A580 /* Preview Assets.xcassets in Resources */ = {isa = PBXBuildFile; fileRef = 909E03E324663FC80090A580 /* Preview Assets.xcassets */; };
/* End PBXBuildFile section */

/* Begin PBXContainerItemProxy section */
		909E03C224663FC60090A580 /* PBXContainerItemProxy */ = {
			isa = PBXContainerItemProxy;
			containerPortal = 909E03B624663FC60090A580 /* Project object */;
			proxyType = 1;
			remoteGlobalIDString = 909E03BF24663FC60090A580;
			remoteInfo = "BPMTap WatchKit App";
		};
		909E03D124663FC80090A580 /* PBXContainerItemProxy */ = {
			isa = PBXContainerItemProxy;
			containerPortal = 909E03B624663FC60090A580 /* Project object */;
			proxyType = 1;
			remoteGlobalIDString = 909E03CE24663FC80090A580;
			remoteInfo = "BPMTap WatchKit Extension";
		};
/* End PBXContainerItemProxy section */

/* Begin PBXCopyFilesBuildPhase section */
		909E03EC24663FC80090A580 /* Embed App Extensions */ = {
			isa = PBXCopyFilesBuildPhase;
			buildActionMask = 2147483647;
			dstPath = "";
			dstSubfolderSpec = 13;
			files = (
				909E03D024663FC80090A580 /* Tap 4 BPM.appex in Embed App Extensions */,
			);
			name = "Embed App Extensions";
			runOnlyForDeploymentPostprocessing = 0;
		};
		909E03F024663FC80090A580 /* Embed Watch Content */ = {
			isa = PBXCopyFilesBuildPhase;
			buildActionMask = 2147483647;
			dstPath = "$(CONTENTS_FOLDER_PATH)/Watch";
			dstSubfolderSpec = 16;
			files = (
				909E03C124663FC60090A580 /* Tap 4 BPM.app in Embed Watch Content */,
			);
			name = "Embed Watch Content";
			runOnlyForDeploymentPostprocessing = 0;
		};
/* End PBXCopyFilesBuildPhase section */

/* Begin PBXFileReference section */
		9012D8A324A0139700F5D319 /* Hexagon.swift */ = {isa = PBXFileReference; lastKnownFileType = sourcecode.swift; path = Hexagon.swift; sourceTree = "<group>"; };
		9012D8A524A0DF4300F5D319 /* Colors.swift */ = {isa = PBXFileReference; lastKnownFileType = sourcecode.swift; path = Colors.swift; sourceTree = "<group>"; };
		9081D83324AA38C200AA5201 /* LabelViewModifier.swift */ = {isa = PBXFileReference; lastKnownFileType = sourcecode.swift; path = LabelViewModifier.swift; sourceTree = "<group>"; };
		9081D83524AA395600AA5201 /* Ring.swift */ = {isa = PBXFileReference; lastKnownFileType = sourcecode.swift; path = Ring.swift; sourceTree = "<group>"; };
		9081D83724AA3A7B00AA5201 /* PaddedButtonStyle.swift */ = {isa = PBXFileReference; lastKnownFileType = sourcecode.swift; path = PaddedButtonStyle.swift; sourceTree = "<group>"; };
		9081D83B24AA806D00AA5201 /* BPM.swift */ = {isa = PBXFileReference; lastKnownFileType = sourcecode.swift; path = BPM.swift; sourceTree = "<group>"; };
		909E03BC24663FC60090A580 /* Tap 4 BPM.app */ = {isa = PBXFileReference; explicitFileType = wrapper.application; includeInIndex = 0; path = "Tap 4 BPM.app"; sourceTree = BUILT_PRODUCTS_DIR; };
		909E03C024663FC60090A580 /* Tap 4 BPM.app */ = {isa = PBXFileReference; explicitFileType = wrapper.application; includeInIndex = 0; path = "Tap 4 BPM.app"; sourceTree = BUILT_PRODUCTS_DIR; };
		909E03C624663FC60090A580 /* Base */ = {isa = PBXFileReference; lastKnownFileType = file.storyboard; name = Base; path = Base.lproj/Interface.storyboard; sourceTree = "<group>"; };
		909E03C824663FC80090A580 /* Assets.xcassets */ = {isa = PBXFileReference; lastKnownFileType = folder.assetcatalog; path = Assets.xcassets; sourceTree = "<group>"; };
		909E03CA24663FC80090A580 /* Info.plist */ = {isa = PBXFileReference; lastKnownFileType = text.plist.xml; path = Info.plist; sourceTree = "<group>"; };
		909E03CF24663FC80090A580 /* Tap 4 BPM.appex */ = {isa = PBXFileReference; explicitFileType = "wrapper.app-extension"; includeInIndex = 0; path = "Tap 4 BPM.appex"; sourceTree = BUILT_PRODUCTS_DIR; };
		909E03D424663FC80090A580 /* ContentView.swift */ = {isa = PBXFileReference; lastKnownFileType = sourcecode.swift; path = ContentView.swift; sourceTree = "<group>"; };
		909E03D624663FC80090A580 /* HostingController.swift */ = {isa = PBXFileReference; lastKnownFileType = sourcecode.swift; path = HostingController.swift; sourceTree = "<group>"; };
		909E03D824663FC80090A580 /* ExtensionDelegate.swift */ = {isa = PBXFileReference; lastKnownFileType = sourcecode.swift; path = ExtensionDelegate.swift; sourceTree = "<group>"; };
		909E03DA24663FC80090A580 /* NotificationController.swift */ = {isa = PBXFileReference; lastKnownFileType = sourcecode.swift; path = NotificationController.swift; sourceTree = "<group>"; };
		909E03DC24663FC80090A580 /* NotificationView.swift */ = {isa = PBXFileReference; lastKnownFileType = sourcecode.swift; path = NotificationView.swift; sourceTree = "<group>"; };
		909E03DE24663FC80090A580 /* ComplicationController.swift */ = {isa = PBXFileReference; lastKnownFileType = sourcecode.swift; path = ComplicationController.swift; sourceTree = "<group>"; };
		909E03E024663FC80090A580 /* Assets.xcassets */ = {isa = PBXFileReference; lastKnownFileType = folder.assetcatalog; path = Assets.xcassets; sourceTree = "<group>"; };
		909E03E324663FC80090A580 /* Preview Assets.xcassets */ = {isa = PBXFileReference; lastKnownFileType = folder.assetcatalog; path = "Preview Assets.xcassets"; sourceTree = "<group>"; };
		909E03E524663FC80090A580 /* Info.plist */ = {isa = PBXFileReference; lastKnownFileType = text.plist.xml; path = Info.plist; sourceTree = "<group>"; };
		909E03E624663FC80090A580 /* PushNotificationPayload.apns */ = {isa = PBXFileReference; lastKnownFileType = text; path = PushNotificationPayload.apns; sourceTree = "<group>"; };
/* End PBXFileReference section */

/* Begin PBXFrameworksBuildPhase section */
		909E03CC24663FC80090A580 /* Frameworks */ = {
			isa = PBXFrameworksBuildPhase;
			buildActionMask = 2147483647;
			files = (
			);
			runOnlyForDeploymentPostprocessing = 0;
		};
/* End PBXFrameworksBuildPhase section */

/* Begin PBXGroup section */
		9081D83924AA3B9500AA5201 /* Views */ = {
			isa = PBXGroup;
			children = (
				9012D8A324A0139700F5D319 /* Hexagon.swift */,
				9081D83524AA395600AA5201 /* Ring.swift */,
			);
			path = Views;
			sourceTree = "<group>";
		};
		9081D83A24AA3B9E00AA5201 /* StylesAndModifiers */ = {
			isa = PBXGroup;
			children = (
				9081D83324AA38C200AA5201 /* LabelViewModifier.swift */,
				9081D83724AA3A7B00AA5201 /* PaddedButtonStyle.swift */,
			);
			path = StylesAndModifiers;
			sourceTree = "<group>";
		};
		909E03B524663FC60090A580 = {
			isa = PBXGroup;
			children = (
				909E03C424663FC60090A580 /* BPMTap WatchKit App */,
				909E03D324663FC80090A580 /* BPMTap WatchKit Extension */,
				909E03BD24663FC60090A580 /* Products */,
			);
			sourceTree = "<group>";
		};
		909E03BD24663FC60090A580 /* Products */ = {
			isa = PBXGroup;
			children = (
				909E03BC24663FC60090A580 /* Tap 4 BPM.app */,
				909E03C024663FC60090A580 /* Tap 4 BPM.app */,
				909E03CF24663FC80090A580 /* Tap 4 BPM.appex */,
			);
			name = Products;
			sourceTree = "<group>";
		};
		909E03C424663FC60090A580 /* BPMTap WatchKit App */ = {
			isa = PBXGroup;
			children = (
				909E03C524663FC60090A580 /* Interface.storyboard */,
				909E03C824663FC80090A580 /* Assets.xcassets */,
				909E03CA24663FC80090A580 /* Info.plist */,
			);
			path = "BPMTap WatchKit App";
			sourceTree = "<group>";
		};
		909E03D324663FC80090A580 /* BPMTap WatchKit Extension */ = {
			isa = PBXGroup;
			children = (
				9081D83A24AA3B9E00AA5201 /* StylesAndModifiers */,
				9081D83924AA3B9500AA5201 /* Views */,
				909E03D424663FC80090A580 /* ContentView.swift */,
				9081D83B24AA806D00AA5201 /* BPM.swift */,
				9012D8A524A0DF4300F5D319 /* Colors.swift */,
				909E03D624663FC80090A580 /* HostingController.swift */,
				909E03D824663FC80090A580 /* ExtensionDelegate.swift */,
				909E03DA24663FC80090A580 /* NotificationController.swift */,
				909E03DC24663FC80090A580 /* NotificationView.swift */,
				909E03DE24663FC80090A580 /* ComplicationController.swift */,
				909E03E024663FC80090A580 /* Assets.xcassets */,
				909E03E524663FC80090A580 /* Info.plist */,
				909E03E624663FC80090A580 /* PushNotificationPayload.apns */,
				909E03E224663FC80090A580 /* Preview Content */,
			);
			path = "BPMTap WatchKit Extension";
			sourceTree = "<group>";
		};
		909E03E224663FC80090A580 /* Preview Content */ = {
			isa = PBXGroup;
			children = (
				909E03E324663FC80090A580 /* Preview Assets.xcassets */,
			);
			path = "Preview Content";
			sourceTree = "<group>";
		};
/* End PBXGroup section */

/* Begin PBXNativeTarget section */
		909E03BB24663FC60090A580 /* BPMTap */ = {
			isa = PBXNativeTarget;
			buildConfigurationList = 909E03F124663FC80090A580 /* Build configuration list for PBXNativeTarget "BPMTap" */;
			buildPhases = (
				909E03BA24663FC60090A580 /* Resources */,
				909E03F024663FC80090A580 /* Embed Watch Content */,
			);
			buildRules = (
			);
			dependencies = (
				909E03C324663FC60090A580 /* PBXTargetDependency */,
			);
			name = BPMTap;
			productName = BPMTap;
			productReference = 909E03BC24663FC60090A580 /* Tap 4 BPM.app */;
			productType = "com.apple.product-type.application.watchapp2-container";
		};
		909E03BF24663FC60090A580 /* BPMTap WatchKit App */ = {
			isa = PBXNativeTarget;
			buildConfigurationList = 909E03ED24663FC80090A580 /* Build configuration list for PBXNativeTarget "BPMTap WatchKit App" */;
			buildPhases = (
				909E03BE24663FC60090A580 /* Resources */,
				909E03EC24663FC80090A580 /* Embed App Extensions */,
			);
			buildRules = (
			);
			dependencies = (
				909E03D224663FC80090A580 /* PBXTargetDependency */,
			);
			name = "BPMTap WatchKit App";
			productName = "BPMTap WatchKit App";
			productReference = 909E03C024663FC60090A580 /* Tap 4 BPM.app */;
			productType = "com.apple.product-type.application.watchapp2";
		};
		909E03CE24663FC80090A580 /* BPMTap WatchKit Extension */ = {
			isa = PBXNativeTarget;
			buildConfigurationList = 909E03E924663FC80090A580 /* Build configuration list for PBXNativeTarget "BPMTap WatchKit Extension" */;
			buildPhases = (
				909E03CB24663FC80090A580 /* Sources */,
				909E03CC24663FC80090A580 /* Frameworks */,
				909E03CD24663FC80090A580 /* Resources */,
			);
			buildRules = (
			);
			dependencies = (
			);
			name = "BPMTap WatchKit Extension";
			productName = "BPMTap WatchKit Extension";
			productReference = 909E03CF24663FC80090A580 /* Tap 4 BPM.appex */;
			productType = "com.apple.product-type.watchkit2-extension";
		};
/* End PBXNativeTarget section */

/* Begin PBXProject section */
		909E03B624663FC60090A580 /* Project object */ = {
			isa = PBXProject;
			attributes = {
				LastSwiftUpdateCheck = 1140;
				LastUpgradeCheck = 1140;
				ORGANIZATIONNAME = "Eric Masiello";
				TargetAttributes = {
					909E03BB24663FC60090A580 = {
						CreatedOnToolsVersion = 11.4.1;
					};
					909E03BF24663FC60090A580 = {
						CreatedOnToolsVersion = 11.4.1;
					};
					909E03CE24663FC80090A580 = {
						CreatedOnToolsVersion = 11.4.1;
					};
				};
			};
			buildConfigurationList = 909E03B924663FC60090A580 /* Build configuration list for PBXProject "BPMTap" */;
			compatibilityVersion = "Xcode 9.3";
			developmentRegion = en;
			hasScannedForEncodings = 0;
			knownRegions = (
				en,
				Base,
			);
			mainGroup = 909E03B524663FC60090A580;
			productRefGroup = 909E03BD24663FC60090A580 /* Products */;
			projectDirPath = "";
			projectRoot = "";
			targets = (
				909E03BB24663FC60090A580 /* BPMTap */,
				909E03BF24663FC60090A580 /* BPMTap WatchKit App */,
				909E03CE24663FC80090A580 /* BPMTap WatchKit Extension */,
			);
		};
/* End PBXProject section */

/* Begin PBXResourcesBuildPhase section */
		909E03BA24663FC60090A580 /* Resources */ = {
			isa = PBXResourcesBuildPhase;
			buildActionMask = 2147483647;
			files = (
			);
			runOnlyForDeploymentPostprocessing = 0;
		};
		909E03BE24663FC60090A580 /* Resources */ = {
			isa = PBXResourcesBuildPhase;
			buildActionMask = 2147483647;
			files = (
				909E03C924663FC80090A580 /* Assets.xcassets in Resources */,
				909E03C724663FC60090A580 /* Interface.storyboard in Resources */,
			);
			runOnlyForDeploymentPostprocessing = 0;
		};
		909E03CD24663FC80090A580 /* Resources */ = {
			isa = PBXResourcesBuildPhase;
			buildActionMask = 2147483647;
			files = (
				909E03E424663FC80090A580 /* Preview Assets.xcassets in Resources */,
				909E03E124663FC80090A580 /* Assets.xcassets in Resources */,
			);
			runOnlyForDeploymentPostprocessing = 0;
		};
/* End PBXResourcesBuildPhase section */

/* Begin PBXSourcesBuildPhase section */
		909E03CB24663FC80090A580 /* Sources */ = {
			isa = PBXSourcesBuildPhase;
			buildActionMask = 2147483647;
			files = (
				909E03D724663FC80090A580 /* HostingController.swift in Sources */,
				9012D8A624A0DF4300F5D319 /* Colors.swift in Sources */,
				909E03D524663FC80090A580 /* ContentView.swift in Sources */,
				909E03DB24663FC80090A580 /* NotificationController.swift in Sources */,
				909E03D924663FC80090A580 /* ExtensionDelegate.swift in Sources */,
				9081D83424AA38C200AA5201 /* LabelViewModifier.swift in Sources */,
				9012D8A424A0139700F5D319 /* Hexagon.swift in Sources */,
				9081D83C24AA806D00AA5201 /* BPM.swift in Sources */,
				9081D83624AA395700AA5201 /* Ring.swift in Sources */,
				909E03DD24663FC80090A580 /* NotificationView.swift in Sources */,
				9081D83824AA3A7B00AA5201 /* PaddedButtonStyle.swift in Sources */,
				909E03DF24663FC80090A580 /* ComplicationController.swift in Sources */,
			);
			runOnlyForDeploymentPostprocessing = 0;
		};
/* End PBXSourcesBuildPhase section */

/* Begin PBXTargetDependency section */
		909E03C324663FC60090A580 /* PBXTargetDependency */ = {
			isa = PBXTargetDependency;
			target = 909E03BF24663FC60090A580 /* BPMTap WatchKit App */;
			targetProxy = 909E03C224663FC60090A580 /* PBXContainerItemProxy */;
		};
		909E03D224663FC80090A580 /* PBXTargetDependency */ = {
			isa = PBXTargetDependency;
			target = 909E03CE24663FC80090A580 /* BPMTap WatchKit Extension */;
			targetProxy = 909E03D124663FC80090A580 /* PBXContainerItemProxy */;
		};
/* End PBXTargetDependency section */

/* Begin PBXVariantGroup section */
		909E03C524663FC60090A580 /* Interface.storyboard */ = {
			isa = PBXVariantGroup;
			children = (
				909E03C624663FC60090A580 /* Base */,
			);
			name = Interface.storyboard;
			sourceTree = "<group>";
		};
/* End PBXVariantGroup section */

/* Begin XCBuildConfiguration section */
		909E03E724663FC80090A580 /* Debug */ = {
			isa = XCBuildConfiguration;
			buildSettings = {
				ALWAYS_SEARCH_USER_PATHS = NO;
				CLANG_ANALYZER_NONNULL = YES;
				CLANG_ANALYZER_NUMBER_OBJECT_CONVERSION = YES_AGGRESSIVE;
				CLANG_CXX_LANGUAGE_STANDARD = "gnu++14";
				CLANG_CXX_LIBRARY = "libc++";
				CLANG_ENABLE_MODULES = YES;
				CLANG_ENABLE_OBJC_ARC = YES;
				CLANG_ENABLE_OBJC_WEAK = YES;
				CLANG_WARN_BLOCK_CAPTURE_AUTORELEASING = YES;
				CLANG_WARN_BOOL_CONVERSION = YES;
				CLANG_WARN_COMMA = YES;
				CLANG_WARN_CONSTANT_CONVERSION = YES;
				CLANG_WARN_DEPRECATED_OBJC_IMPLEMENTATIONS = YES;
				CLANG_WARN_DIRECT_OBJC_ISA_USAGE = YES_ERROR;
				CLANG_WARN_DOCUMENTATION_COMMENTS = YES;
				CLANG_WARN_EMPTY_BODY = YES;
				CLANG_WARN_ENUM_CONVERSION = YES;
				CLANG_WARN_INFINITE_RECURSION = YES;
				CLANG_WARN_INT_CONVERSION = YES;
				CLANG_WARN_NON_LITERAL_NULL_CONVERSION = YES;
				CLANG_WARN_OBJC_IMPLICIT_RETAIN_SELF = YES;
				CLANG_WARN_OBJC_LITERAL_CONVERSION = YES;
				CLANG_WARN_OBJC_ROOT_CLASS = YES_ERROR;
				CLANG_WARN_RANGE_LOOP_ANALYSIS = YES;
				CLANG_WARN_STRICT_PROTOTYPES = YES;
				CLANG_WARN_SUSPICIOUS_MOVE = YES;
				CLANG_WARN_UNGUARDED_AVAILABILITY = YES_AGGRESSIVE;
				CLANG_WARN_UNREACHABLE_CODE = YES;
				CLANG_WARN__DUPLICATE_METHOD_MATCH = YES;
				COPY_PHASE_STRIP = NO;
				DEBUG_INFORMATION_FORMAT = dwarf;
				ENABLE_STRICT_OBJC_MSGSEND = YES;
				ENABLE_TESTABILITY = YES;
				GCC_C_LANGUAGE_STANDARD = gnu11;
				GCC_DYNAMIC_NO_PIC = NO;
				GCC_NO_COMMON_BLOCKS = YES;
				GCC_OPTIMIZATION_LEVEL = 0;
				GCC_PREPROCESSOR_DEFINITIONS = (
					"DEBUG=1",
					"$(inherited)",
				);
				GCC_WARN_64_TO_32_BIT_CONVERSION = YES;
				GCC_WARN_ABOUT_RETURN_TYPE = YES_ERROR;
				GCC_WARN_UNDECLARED_SELECTOR = YES;
				GCC_WARN_UNINITIALIZED_AUTOS = YES_AGGRESSIVE;
				GCC_WARN_UNUSED_FUNCTION = YES;
				GCC_WARN_UNUSED_VARIABLE = YES;
				MTL_ENABLE_DEBUG_INFO = INCLUDE_SOURCE;
				MTL_FAST_MATH = YES;
				ONLY_ACTIVE_ARCH = YES;
				SDKROOT = iphoneos;
				SWIFT_ACTIVE_COMPILATION_CONDITIONS = DEBUG;
				SWIFT_OPTIMIZATION_LEVEL = "-Onone";
			};
			name = Debug;
		};
		909E03E824663FC80090A580 /* Release */ = {
			isa = XCBuildConfiguration;
			buildSettings = {
				ALWAYS_SEARCH_USER_PATHS = NO;
				CLANG_ANALYZER_NONNULL = YES;
				CLANG_ANALYZER_NUMBER_OBJECT_CONVERSION = YES_AGGRESSIVE;
				CLANG_CXX_LANGUAGE_STANDARD = "gnu++14";
				CLANG_CXX_LIBRARY = "libc++";
				CLANG_ENABLE_MODULES = YES;
				CLANG_ENABLE_OBJC_ARC = YES;
				CLANG_ENABLE_OBJC_WEAK = YES;
				CLANG_WARN_BLOCK_CAPTURE_AUTORELEASING = YES;
				CLANG_WARN_BOOL_CONVERSION = YES;
				CLANG_WARN_COMMA = YES;
				CLANG_WARN_CONSTANT_CONVERSION = YES;
				CLANG_WARN_DEPRECATED_OBJC_IMPLEMENTATIONS = YES;
				CLANG_WARN_DIRECT_OBJC_ISA_USAGE = YES_ERROR;
				CLANG_WARN_DOCUMENTATION_COMMENTS = YES;
				CLANG_WARN_EMPTY_BODY = YES;
				CLANG_WARN_ENUM_CONVERSION = YES;
				CLANG_WARN_INFINITE_RECURSION = YES;
				CLANG_WARN_INT_CONVERSION = YES;
				CLANG_WARN_NON_LITERAL_NULL_CONVERSION = YES;
				CLANG_WARN_OBJC_IMPLICIT_RETAIN_SELF = YES;
				CLANG_WARN_OBJC_LITERAL_CONVERSION = YES;
				CLANG_WARN_OBJC_ROOT_CLASS = YES_ERROR;
				CLANG_WARN_RANGE_LOOP_ANALYSIS = YES;
				CLANG_WARN_STRICT_PROTOTYPES = YES;
				CLANG_WARN_SUSPICIOUS_MOVE = YES;
				CLANG_WARN_UNGUARDED_AVAILABILITY = YES_AGGRESSIVE;
				CLANG_WARN_UNREACHABLE_CODE = YES;
				CLANG_WARN__DUPLICATE_METHOD_MATCH = YES;
				COPY_PHASE_STRIP = NO;
				DEBUG_INFORMATION_FORMAT = "dwarf-with-dsym";
				ENABLE_NS_ASSERTIONS = NO;
				ENABLE_STRICT_OBJC_MSGSEND = YES;
				GCC_C_LANGUAGE_STANDARD = gnu11;
				GCC_NO_COMMON_BLOCKS = YES;
				GCC_WARN_64_TO_32_BIT_CONVERSION = YES;
				GCC_WARN_ABOUT_RETURN_TYPE = YES_ERROR;
				GCC_WARN_UNDECLARED_SELECTOR = YES;
				GCC_WARN_UNINITIALIZED_AUTOS = YES_AGGRESSIVE;
				GCC_WARN_UNUSED_FUNCTION = YES;
				GCC_WARN_UNUSED_VARIABLE = YES;
				MTL_ENABLE_DEBUG_INFO = NO;
				MTL_FAST_MATH = YES;
				SDKROOT = iphoneos;
				SWIFT_COMPILATION_MODE = wholemodule;
				SWIFT_OPTIMIZATION_LEVEL = "-O";
				VALIDATE_PRODUCT = YES;
			};
			name = Release;
		};
		909E03EA24663FC80090A580 /* Debug */ = {
			isa = XCBuildConfiguration;
			buildSettings = {
				ASSETCATALOG_COMPILER_COMPLICATION_NAME = Complication;
				CODE_SIGN_STYLE = Automatic;
				DEVELOPMENT_ASSET_PATHS = "\"BPMTap WatchKit Extension/Preview Content\"";
				DEVELOPMENT_TEAM = R6SSQ5A38J;
				ENABLE_PREVIEWS = YES;
				INFOPLIST_FILE = "BPMTap WatchKit Extension/Info.plist";
				LD_RUNPATH_SEARCH_PATHS = (
					"$(inherited)",
					"@executable_path/Frameworks",
					"@executable_path/../../Frameworks",
				);
				MARKETING_VERSION = 1.02;
				PRODUCT_BUNDLE_IDENTIFIER = com.synbydesign.BPMTap.watchkitapp.watchkitextension;
				PRODUCT_NAME = "Tap 4 BPM";
				SDKROOT = watchos;
				SKIP_INSTALL = YES;
				SWIFT_VERSION = 5.0;
				TARGETED_DEVICE_FAMILY = 4;
				WATCHOS_DEPLOYMENT_TARGET = 6.0;
			};
			name = Debug;
		};
		909E03EB24663FC80090A580 /* Release */ = {
			isa = XCBuildConfiguration;
			buildSettings = {
				ASSETCATALOG_COMPILER_COMPLICATION_NAME = Complication;
				CODE_SIGN_STYLE = Automatic;
				DEVELOPMENT_ASSET_PATHS = "\"BPMTap WatchKit Extension/Preview Content\"";
				DEVELOPMENT_TEAM = R6SSQ5A38J;
				ENABLE_PREVIEWS = YES;
				INFOPLIST_FILE = "BPMTap WatchKit Extension/Info.plist";
				LD_RUNPATH_SEARCH_PATHS = (
					"$(inherited)",
					"@executable_path/Frameworks",
					"@executable_path/../../Frameworks",
				);
				MARKETING_VERSION = 1.02;
				PRODUCT_BUNDLE_IDENTIFIER = com.synbydesign.BPMTap.watchkitapp.watchkitextension;
				PRODUCT_NAME = "Tap 4 BPM";
				SDKROOT = watchos;
				SKIP_INSTALL = YES;
				SWIFT_VERSION = 5.0;
				TARGETED_DEVICE_FAMILY = 4;
				WATCHOS_DEPLOYMENT_TARGET = 6.0;
			};
			name = Release;
		};
		909E03EE24663FC80090A580 /* Debug */ = {
			isa = XCBuildConfiguration;
			buildSettings = {
				ALWAYS_EMBED_SWIFT_STANDARD_LIBRARIES = YES;
				ASSETCATALOG_COMPILER_APPICON_NAME = AppIcon;
				CODE_SIGN_STYLE = Automatic;
				DEVELOPMENT_TEAM = R6SSQ5A38J;
				IBSC_MODULE = BPMTap_WatchKit_Extension;
				INFOPLIST_FILE = "BPMTap WatchKit App/Info.plist";
				MARKETING_VERSION = 1.02;
				PRODUCT_BUNDLE_IDENTIFIER = com.synbydesign.BPMTap.watchkitapp;
				PRODUCT_NAME = "Tap 4 BPM";
				SDKROOT = watchos;
				SKIP_INSTALL = YES;
				SWIFT_VERSION = 5.0;
				TARGETED_DEVICE_FAMILY = 4;
				WATCHOS_DEPLOYMENT_TARGET = 6.0;
			};
			name = Debug;
		};
		909E03EF24663FC80090A580 /* Release */ = {
			isa = XCBuildConfiguration;
			buildSettings = {
				ALWAYS_EMBED_SWIFT_STANDARD_LIBRARIES = YES;
				ASSETCATALOG_COMPILER_APPICON_NAME = AppIcon;
				CODE_SIGN_STYLE = Automatic;
				DEVELOPMENT_TEAM = R6SSQ5A38J;
				IBSC_MODULE = BPMTap_WatchKit_Extension;
				INFOPLIST_FILE = "BPMTap WatchKit App/Info.plist";
				MARKETING_VERSION = 1.02;
				PRODUCT_BUNDLE_IDENTIFIER = com.synbydesign.BPMTap.watchkitapp;
				PRODUCT_NAME = "Tap 4 BPM";
				SDKROOT = watchos;
				SKIP_INSTALL = YES;
				SWIFT_VERSION = 5.0;
				TARGETED_DEVICE_FAMILY = 4;
				WATCHOS_DEPLOYMENT_TARGET = 6.0;
			};
			name = Release;
		};
		909E03F224663FC80090A580 /* Debug */ = {
			isa = XCBuildConfiguration;
			buildSettings = {
				CODE_SIGN_STYLE = Automatic;
				CURRENT_PROJECT_VERSION = 1;
				DEVELOPMENT_TEAM = R6SSQ5A38J;
				MARKETING_VERSION = 1.02;
				PRODUCT_BUNDLE_IDENTIFIER = com.synbydesign.BPMTap;
				PRODUCT_NAME = "Tap 4 BPM";
				SWIFT_VERSION = 5.0;
			};
			name = Debug;
		};
		909E03F324663FC80090A580 /* Release */ = {
			isa = XCBuildConfiguration;
			buildSettings = {
				CODE_SIGN_STYLE = Automatic;
				CURRENT_PROJECT_VERSION = 1;
				DEVELOPMENT_TEAM = R6SSQ5A38J;
				MARKETING_VERSION = 1.02;
				PRODUCT_BUNDLE_IDENTIFIER = com.synbydesign.BPMTap;
				PRODUCT_NAME = "Tap 4 BPM";
				SWIFT_VERSION = 5.0;
			};
			name = Release;
		};
/* End XCBuildConfiguration section */

/* Begin XCConfigurationList section */
		909E03B924663FC60090A580 /* Build configuration list for PBXProject "BPMTap" */ = {
			isa = XCConfigurationList;
			buildConfigurations = (
				909E03E724663FC80090A580 /* Debug */,
				909E03E824663FC80090A580 /* Release */,
			);
			defaultConfigurationIsVisible = 0;
			defaultConfigurationName = Release;
		};
		909E03E924663FC80090A580 /* Build configuration list for PBXNativeTarget "BPMTap WatchKit Extension" */ = {
			isa = XCConfigurationList;
			buildConfigurations = (
				909E03EA24663FC80090A580 /* Debug */,
				909E03EB24663FC80090A580 /* Release */,
			);
			defaultConfigurationIsVisible = 0;
			defaultConfigurationName = Release;
		};
		909E03ED24663FC80090A580 /* Build configuration list for PBXNativeTarget "BPMTap WatchKit App" */ = {
			isa = XCConfigurationList;
			buildConfigurations = (
				909E03EE24663FC80090A580 /* Debug */,
				909E03EF24663FC80090A580 /* Release */,
			);
			defaultConfigurationIsVisible = 0;
			defaultConfigurationName = Release;
		};
		909E03F124663FC80090A580 /* Build configuration list for PBXNativeTarget "BPMTap" */ = {
			isa = XCConfigurationList;
			buildConfigurations = (
				909E03F224663FC80090A580 /* Debug */,
				909E03F324663FC80090A580 /* Release */,
			);
			defaultConfigurationIsVisible = 0;
			defaultConfigurationName = Release;
		};
/* End XCConfigurationList section */
	};
	rootObject = 909E03B624663FC60090A580 /* Project object */;
}
