// !$*UTF8*$!
{
	archiveVersion = 1;
	classes = {
	};
	objectVersion = 56;
	objects = {

/* Begin PBXBuildFile section */
		4DD8A71D28DF49F7006FB5C1 /* BPMTap Watch App.app in Embed Watch Content */ = {isa = PBXBuildFile; fileRef = 4DD8A71C28DF49F7006FB5C1 /* BPMTap Watch App.app */; settings = {ATTRIBUTES = (RemoveHeadersOnCopy, ); }; };
		4DD8A72228DF49F7006FB5C1 /* BPMTapApp.swift in Sources */ = {isa = PBXBuildFile; fileRef = 4DD8A72128DF49F7006FB5C1 /* BPMTapApp.swift */; };
		4DD8A72428DF49F7006FB5C1 /* ContentView.swift in Sources */ = {isa = PBXBuildFile; fileRef = 4DD8A72328DF49F7006FB5C1 /* ContentView.swift */; };
		4DD8A72628DF49F8006FB5C1 /* Assets.xcassets in Resources */ = {isa = PBXBuildFile; fileRef = 4DD8A72528DF49F8006FB5C1 /* Assets.xcassets */; };
		4DD8A72928DF49F8006FB5C1 /* Preview Assets.xcassets in Resources */ = {isa = PBXBuildFile; fileRef = 4DD8A72828DF49F8006FB5C1 /* Preview Assets.xcassets */; };
		4DD8A73328DF49F8006FB5C1 /* BPMTap_Watch_AppTests.swift in Sources */ = {isa = PBXBuildFile; fileRef = 4DD8A73228DF49F8006FB5C1 /* BPMTap_Watch_AppTests.swift */; };
		4DD8A73D28DF49F8006FB5C1 /* BPMTap_Watch_AppUITests.swift in Sources */ = {isa = PBXBuildFile; fileRef = 4DD8A73C28DF49F8006FB5C1 /* BPMTap_Watch_AppUITests.swift */; };
		4DD8A73F28DF49F8006FB5C1 /* BPMTap_Watch_AppUITestsLaunchTests.swift in Sources */ = {isa = PBXBuildFile; fileRef = 4DD8A73E28DF49F8006FB5C1 /* BPMTap_Watch_AppUITestsLaunchTests.swift */; };
		4DF2BF3128DF52F800DC8902 /* BPM.swift in Sources */ = {isa = PBXBuildFile; fileRef = 4DF2BF3028DF52F800DC8902 /* BPM.swift */; };
		4DF2BF3328DF530100DC8902 /* Colors.swift in Sources */ = {isa = PBXBuildFile; fileRef = 4DF2BF3228DF530100DC8902 /* Colors.swift */; };
		4DF2BF3928DF536200DC8902 /* Hexagon.swift in Sources */ = {isa = PBXBuildFile; fileRef = 4DF2BF3828DF536200DC8902 /* Hexagon.swift */; };
		4DF2BF3B28DF536600DC8902 /* Ring.swift in Sources */ = {isa = PBXBuildFile; fileRef = 4DF2BF3A28DF536600DC8902 /* Ring.swift */; };
		4DF2BF3E28DF537B00DC8902 /* LabelViewModifier.swift in Sources */ = {isa = PBXBuildFile; fileRef = 4DF2BF3C28DF537B00DC8902 /* LabelViewModifier.swift */; };
		4DF2BF3F28DF537B00DC8902 /* PaddedButtonStyle.swift in Sources */ = {isa = PBXBuildFile; fileRef = 4DF2BF3D28DF537B00DC8902 /* PaddedButtonStyle.swift */; };
/* End PBXBuildFile section */

/* Begin PBXContainerItemProxy section */
		4DD8A71E28DF49F7006FB5C1 /* PBXContainerItemProxy */ = {
			isa = PBXContainerItemProxy;
			containerPortal = 4DD8A71028DF49F7006FB5C1 /* Project object */;
			proxyType = 1;
			remoteGlobalIDString = 4DD8A71B28DF49F7006FB5C1;
			remoteInfo = "BPMTap Watch App";
		};
		4DD8A72F28DF49F8006FB5C1 /* PBXContainerItemProxy */ = {
			isa = PBXContainerItemProxy;
			containerPortal = 4DD8A71028DF49F7006FB5C1 /* Project object */;
			proxyType = 1;
			remoteGlobalIDString = 4DD8A71B28DF49F7006FB5C1;
			remoteInfo = "BPMTap Watch App";
		};
		4DD8A73928DF49F8006FB5C1 /* PBXContainerItemProxy */ = {
			isa = PBXContainerItemProxy;
			containerPortal = 4DD8A71028DF49F7006FB5C1 /* Project object */;
			proxyType = 1;
			remoteGlobalIDString = 4DD8A71B28DF49F7006FB5C1;
			remoteInfo = "BPMTap Watch App";
		};
/* End PBXContainerItemProxy section */

/* Begin PBXCopyFilesBuildPhase section */
		4DD8A74528DF49F8006FB5C1 /* Embed Watch Content */ = {
			isa = PBXCopyFilesBuildPhase;
			buildActionMask = 2147483647;
			dstPath = "$(CONTENTS_FOLDER_PATH)/Watch";
			dstSubfolderSpec = 16;
			files = (
				4DD8A71D28DF49F7006FB5C1 /* BPMTap Watch App.app in Embed Watch Content */,
			);
			name = "Embed Watch Content";
			runOnlyForDeploymentPostprocessing = 0;
		};
/* End PBXCopyFilesBuildPhase section */

/* Begin PBXFileReference section */
		4DD8A71628DF49F7006FB5C1 /* Tap 4 BPM.app */ = {isa = PBXFileReference; explicitFileType = wrapper.application; includeInIndex = 0; path = "Tap 4 BPM.app"; sourceTree = BUILT_PRODUCTS_DIR; };
		4DD8A71C28DF49F7006FB5C1 /* BPMTap Watch App.app */ = {isa = PBXFileReference; explicitFileType = wrapper.application; includeInIndex = 0; path = "BPMTap Watch App.app"; sourceTree = BUILT_PRODUCTS_DIR; };
		4DD8A72128DF49F7006FB5C1 /* BPMTapApp.swift */ = {isa = PBXFileReference; lastKnownFileType = sourcecode.swift; path = BPMTapApp.swift; sourceTree = "<group>"; };
		4DD8A72328DF49F7006FB5C1 /* ContentView.swift */ = {isa = PBXFileReference; lastKnownFileType = sourcecode.swift; path = ContentView.swift; sourceTree = "<group>"; };
		4DD8A72528DF49F8006FB5C1 /* Assets.xcassets */ = {isa = PBXFileReference; lastKnownFileType = folder.assetcatalog; path = Assets.xcassets; sourceTree = "<group>"; };
		4DD8A72828DF49F8006FB5C1 /* Preview Assets.xcassets */ = {isa = PBXFileReference; lastKnownFileType = folder.assetcatalog; path = "Preview Assets.xcassets"; sourceTree = "<group>"; };
		4DD8A72E28DF49F8006FB5C1 /* BPMTap Watch AppTests.xctest */ = {isa = PBXFileReference; explicitFileType = wrapper.cfbundle; includeInIndex = 0; path = "BPMTap Watch AppTests.xctest"; sourceTree = BUILT_PRODUCTS_DIR; };
		4DD8A73228DF49F8006FB5C1 /* BPMTap_Watch_AppTests.swift */ = {isa = PBXFileReference; lastKnownFileType = sourcecode.swift; path = BPMTap_Watch_AppTests.swift; sourceTree = "<group>"; };
		4DD8A73828DF49F8006FB5C1 /* BPMTap Watch AppUITests.xctest */ = {isa = PBXFileReference; explicitFileType = wrapper.cfbundle; includeInIndex = 0; path = "BPMTap Watch AppUITests.xctest"; sourceTree = BUILT_PRODUCTS_DIR; };
		4DD8A73C28DF49F8006FB5C1 /* BPMTap_Watch_AppUITests.swift */ = {isa = PBXFileReference; lastKnownFileType = sourcecode.swift; path = BPMTap_Watch_AppUITests.swift; sourceTree = "<group>"; };
		4DD8A73E28DF49F8006FB5C1 /* BPMTap_Watch_AppUITestsLaunchTests.swift */ = {isa = PBXFileReference; lastKnownFileType = sourcecode.swift; path = BPMTap_Watch_AppUITestsLaunchTests.swift; sourceTree = "<group>"; };
		4DF2BF3028DF52F800DC8902 /* BPM.swift */ = {isa = PBXFileReference; fileEncoding = 4; lastKnownFileType = sourcecode.swift; path = BPM.swift; sourceTree = "<group>"; };
		4DF2BF3228DF530100DC8902 /* Colors.swift */ = {isa = PBXFileReference; fileEncoding = 4; lastKnownFileType = sourcecode.swift; path = Colors.swift; sourceTree = "<group>"; };
		4DF2BF3828DF536200DC8902 /* Hexagon.swift */ = {isa = PBXFileReference; fileEncoding = 4; lastKnownFileType = sourcecode.swift; path = Hexagon.swift; sourceTree = "<group>"; };
		4DF2BF3A28DF536600DC8902 /* Ring.swift */ = {isa = PBXFileReference; fileEncoding = 4; lastKnownFileType = sourcecode.swift; path = Ring.swift; sourceTree = "<group>"; };
		4DF2BF3C28DF537B00DC8902 /* LabelViewModifier.swift */ = {isa = PBXFileReference; fileEncoding = 4; lastKnownFileType = sourcecode.swift; path = LabelViewModifier.swift; sourceTree = "<group>"; };
		4DF2BF3D28DF537B00DC8902 /* PaddedButtonStyle.swift */ = {isa = PBXFileReference; fileEncoding = 4; lastKnownFileType = sourcecode.swift; path = PaddedButtonStyle.swift; sourceTree = "<group>"; };
/* End PBXFileReference section */

/* Begin PBXFrameworksBuildPhase section */
		4DD8A71928DF49F7006FB5C1 /* Frameworks */ = {
			isa = PBXFrameworksBuildPhase;
			buildActionMask = 2147483647;
			files = (
			);
			runOnlyForDeploymentPostprocessing = 0;
		};
		4DD8A72B28DF49F8006FB5C1 /* Frameworks */ = {
			isa = PBXFrameworksBuildPhase;
			buildActionMask = 2147483647;
			files = (
			);
			runOnlyForDeploymentPostprocessing = 0;
		};
		4DD8A73528DF49F8006FB5C1 /* Frameworks */ = {
			isa = PBXFrameworksBuildPhase;
			buildActionMask = 2147483647;
			files = (
			);
			runOnlyForDeploymentPostprocessing = 0;
		};
/* End PBXFrameworksBuildPhase section */

/* Begin PBXGroup section */
		4DD8A70F28DF49F7006FB5C1 = {
			isa = PBXGroup;
			children = (
				4DD8A72028DF49F7006FB5C1 /* BPMTap Watch App */,
				4DD8A73128DF49F8006FB5C1 /* BPMTap Watch AppTests */,
				4DD8A73B28DF49F8006FB5C1 /* BPMTap Watch AppUITests */,
				4DD8A71728DF49F7006FB5C1 /* Products */,
			);
			sourceTree = "<group>";
		};
		4DD8A71728DF49F7006FB5C1 /* Products */ = {
			isa = PBXGroup;
			children = (
				4DD8A71628DF49F7006FB5C1 /* Tap 4 BPM.app */,
				4DD8A71C28DF49F7006FB5C1 /* BPMTap Watch App.app */,
				4DD8A72E28DF49F8006FB5C1 /* BPMTap Watch AppTests.xctest */,
				4DD8A73828DF49F8006FB5C1 /* BPMTap Watch AppUITests.xctest */,
			);
			name = Products;
			sourceTree = "<group>";
		};
		4DD8A72028DF49F7006FB5C1 /* BPMTap Watch App */ = {
			isa = PBXGroup;
			children = (
				4DF2BF3228DF530100DC8902 /* Colors.swift */,
				4DF2BF3C28DF537B00DC8902 /* LabelViewModifier.swift */,
				4DF2BF3D28DF537B00DC8902 /* PaddedButtonStyle.swift */,
				4DF2BF3028DF52F800DC8902 /* BPM.swift */,
				4DF2BF3A28DF536600DC8902 /* Ring.swift */,
				4DF2BF3828DF536200DC8902 /* Hexagon.swift */,
				4DD8A72128DF49F7006FB5C1 /* BPMTapApp.swift */,
				4DD8A72328DF49F7006FB5C1 /* ContentView.swift */,
				4DD8A72528DF49F8006FB5C1 /* Assets.xcassets */,
				4DD8A72728DF49F8006FB5C1 /* Preview Content */,
			);
			path = "BPMTap Watch App";
			sourceTree = "<group>";
		};
		4DD8A72728DF49F8006FB5C1 /* Preview Content */ = {
			isa = PBXGroup;
			children = (
				4DD8A72828DF49F8006FB5C1 /* Preview Assets.xcassets */,
			);
			path = "Preview Content";
			sourceTree = "<group>";
		};
		4DD8A73128DF49F8006FB5C1 /* BPMTap Watch AppTests */ = {
			isa = PBXGroup;
			children = (
				4DD8A73228DF49F8006FB5C1 /* BPMTap_Watch_AppTests.swift */,
			);
			path = "BPMTap Watch AppTests";
			sourceTree = "<group>";
		};
		4DD8A73B28DF49F8006FB5C1 /* BPMTap Watch AppUITests */ = {
			isa = PBXGroup;
			children = (
				4DD8A73C28DF49F8006FB5C1 /* BPMTap_Watch_AppUITests.swift */,
				4DD8A73E28DF49F8006FB5C1 /* BPMTap_Watch_AppUITestsLaunchTests.swift */,
			);
			path = "BPMTap Watch AppUITests";
			sourceTree = "<group>";
		};
/* End PBXGroup section */

/* Begin PBXNativeTarget section */
		4DD8A71528DF49F7006FB5C1 /* BPMTap */ = {
			isa = PBXNativeTarget;
			buildConfigurationList = 4DD8A74628DF49F8006FB5C1 /* Build configuration list for PBXNativeTarget "BPMTap" */;
			buildPhases = (
				4DD8A71428DF49F7006FB5C1 /* Resources */,
				4DD8A74528DF49F8006FB5C1 /* Embed Watch Content */,
			);
			buildRules = (
			);
			dependencies = (
				4DD8A71F28DF49F7006FB5C1 /* PBXTargetDependency */,
			);
			name = BPMTap;
			productName = BPMTap;
			productReference = 4DD8A71628DF49F7006FB5C1 /* Tap 4 BPM.app */;
			productType = "com.apple.product-type.application.watchapp2-container";
		};
		4DD8A71B28DF49F7006FB5C1 /* BPMTap Watch App */ = {
			isa = PBXNativeTarget;
			buildConfigurationList = 4DD8A74228DF49F8006FB5C1 /* Build configuration list for PBXNativeTarget "BPMTap Watch App" */;
			buildPhases = (
				4DD8A71828DF49F7006FB5C1 /* Sources */,
				4DD8A71928DF49F7006FB5C1 /* Frameworks */,
				4DD8A71A28DF49F7006FB5C1 /* Resources */,
			);
			buildRules = (
			);
			dependencies = (
			);
			name = "BPMTap Watch App";
			productName = "BPMTap Watch App";
			productReference = 4DD8A71C28DF49F7006FB5C1 /* BPMTap Watch App.app */;
			productType = "com.apple.product-type.application";
		};
		4DD8A72D28DF49F8006FB5C1 /* BPMTap Watch AppTests */ = {
			isa = PBXNativeTarget;
			buildConfigurationList = 4DD8A74928DF49F8006FB5C1 /* Build configuration list for PBXNativeTarget "BPMTap Watch AppTests" */;
			buildPhases = (
				4DD8A72A28DF49F8006FB5C1 /* Sources */,
				4DD8A72B28DF49F8006FB5C1 /* Frameworks */,
				4DD8A72C28DF49F8006FB5C1 /* Resources */,
			);
			buildRules = (
			);
			dependencies = (
				4DD8A73028DF49F8006FB5C1 /* PBXTargetDependency */,
			);
			name = "BPMTap Watch AppTests";
			productName = "BPMTap Watch AppTests";
			productReference = 4DD8A72E28DF49F8006FB5C1 /* BPMTap Watch AppTests.xctest */;
			productType = "com.apple.product-type.bundle.unit-test";
		};
		4DD8A73728DF49F8006FB5C1 /* BPMTap Watch AppUITests */ = {
			isa = PBXNativeTarget;
			buildConfigurationList = 4DD8A74C28DF49F8006FB5C1 /* Build configuration list for PBXNativeTarget "BPMTap Watch AppUITests" */;
			buildPhases = (
				4DD8A73428DF49F8006FB5C1 /* Sources */,
				4DD8A73528DF49F8006FB5C1 /* Frameworks */,
				4DD8A73628DF49F8006FB5C1 /* Resources */,
			);
			buildRules = (
			);
			dependencies = (
				4DD8A73A28DF49F8006FB5C1 /* PBXTargetDependency */,
			);
			name = "BPMTap Watch AppUITests";
			productName = "BPMTap Watch AppUITests";
			productReference = 4DD8A73828DF49F8006FB5C1 /* BPMTap Watch AppUITests.xctest */;
			productType = "com.apple.product-type.bundle.ui-testing";
		};
/* End PBXNativeTarget section */

/* Begin PBXProject section */
		4DD8A71028DF49F7006FB5C1 /* Project object */ = {
			isa = PBXProject;
			attributes = {
				BuildIndependentTargetsInParallel = 1;
				LastSwiftUpdateCheck = 1400;
				LastUpgradeCheck = 1400;
				TargetAttributes = {
					4DD8A71528DF49F7006FB5C1 = {
						CreatedOnToolsVersion = 14.0;
					};
					4DD8A71B28DF49F7006FB5C1 = {
						CreatedOnToolsVersion = 14.0;
					};
					4DD8A72D28DF49F8006FB5C1 = {
						CreatedOnToolsVersion = 14.0;
						TestTargetID = 4DD8A71B28DF49F7006FB5C1;
					};
					4DD8A73728DF49F8006FB5C1 = {
						CreatedOnToolsVersion = 14.0;
						TestTargetID = 4DD8A71B28DF49F7006FB5C1;
					};
				};
			};
			buildConfigurationList = 4DD8A71328DF49F7006FB5C1 /* Build configuration list for PBXProject "BPMTap" */;
			compatibilityVersion = "Xcode 14.0";
			developmentRegion = en;
			hasScannedForEncodings = 0;
			knownRegions = (
				en,
				Base,
			);
			mainGroup = 4DD8A70F28DF49F7006FB5C1;
			productRefGroup = 4DD8A71728DF49F7006FB5C1 /* Products */;
			projectDirPath = "";
			projectRoot = "";
			targets = (
				4DD8A71528DF49F7006FB5C1 /* BPMTap */,
				4DD8A71B28DF49F7006FB5C1 /* BPMTap Watch App */,
				4DD8A72D28DF49F8006FB5C1 /* BPMTap Watch AppTests */,
				4DD8A73728DF49F8006FB5C1 /* BPMTap Watch AppUITests */,
			);
		};
/* End PBXProject section */

/* Begin PBXResourcesBuildPhase section */
		4DD8A71428DF49F7006FB5C1 /* Resources */ = {
			isa = PBXResourcesBuildPhase;
			buildActionMask = 2147483647;
			files = (
			);
			runOnlyForDeploymentPostprocessing = 0;
		};
		4DD8A71A28DF49F7006FB5C1 /* Resources */ = {
			isa = PBXResourcesBuildPhase;
			buildActionMask = 2147483647;
			files = (
				4DD8A72928DF49F8006FB5C1 /* Preview Assets.xcassets in Resources */,
				4DD8A72628DF49F8006FB5C1 /* Assets.xcassets in Resources */,
			);
			runOnlyForDeploymentPostprocessing = 0;
		};
		4DD8A72C28DF49F8006FB5C1 /* Resources */ = {
			isa = PBXResourcesBuildPhase;
			buildActionMask = 2147483647;
			files = (
			);
			runOnlyForDeploymentPostprocessing = 0;
		};
		4DD8A73628DF49F8006FB5C1 /* Resources */ = {
			isa = PBXResourcesBuildPhase;
			buildActionMask = 2147483647;
			files = (
			);
			runOnlyForDeploymentPostprocessing = 0;
		};
/* End PBXResourcesBuildPhase section */

/* Begin PBXSourcesBuildPhase section */
		4DD8A71828DF49F7006FB5C1 /* Sources */ = {
			isa = PBXSourcesBuildPhase;
			buildActionMask = 2147483647;
			files = (
				4DD8A72428DF49F7006FB5C1 /* ContentView.swift in Sources */,
				4DF2BF3F28DF537B00DC8902 /* PaddedButtonStyle.swift in Sources */,
				4DF2BF3E28DF537B00DC8902 /* LabelViewModifier.swift in Sources */,
				4DF2BF3B28DF536600DC8902 /* Ring.swift in Sources */,
				4DF2BF3328DF530100DC8902 /* Colors.swift in Sources */,
				4DF2BF3128DF52F800DC8902 /* BPM.swift in Sources */,
				4DD8A72228DF49F7006FB5C1 /* BPMTapApp.swift in Sources */,
				4DF2BF3928DF536200DC8902 /* Hexagon.swift in Sources */,
			);
			runOnlyForDeploymentPostprocessing = 0;
		};
		4DD8A72A28DF49F8006FB5C1 /* Sources */ = {
			isa = PBXSourcesBuildPhase;
			buildActionMask = 2147483647;
			files = (
				4DD8A73328DF49F8006FB5C1 /* BPMTap_Watch_AppTests.swift in Sources */,
			);
			runOnlyForDeploymentPostprocessing = 0;
		};
		4DD8A73428DF49F8006FB5C1 /* Sources */ = {
			isa = PBXSourcesBuildPhase;
			buildActionMask = 2147483647;
			files = (
				4DD8A73F28DF49F8006FB5C1 /* BPMTap_Watch_AppUITestsLaunchTests.swift in Sources */,
				4DD8A73D28DF49F8006FB5C1 /* BPMTap_Watch_AppUITests.swift in Sources */,
			);
			runOnlyForDeploymentPostprocessing = 0;
		};
/* End PBXSourcesBuildPhase section */

/* Begin PBXTargetDependency section */
		4DD8A71F28DF49F7006FB5C1 /* PBXTargetDependency */ = {
			isa = PBXTargetDependency;
			target = 4DD8A71B28DF49F7006FB5C1 /* BPMTap Watch App */;
			targetProxy = 4DD8A71E28DF49F7006FB5C1 /* PBXContainerItemProxy */;
		};
		4DD8A73028DF49F8006FB5C1 /* PBXTargetDependency */ = {
			isa = PBXTargetDependency;
			target = 4DD8A71B28DF49F7006FB5C1 /* BPMTap Watch App */;
			targetProxy = 4DD8A72F28DF49F8006FB5C1 /* PBXContainerItemProxy */;
		};
		4DD8A73A28DF49F8006FB5C1 /* PBXTargetDependency */ = {
			isa = PBXTargetDependency;
			target = 4DD8A71B28DF49F7006FB5C1 /* BPMTap Watch App */;
			targetProxy = 4DD8A73928DF49F8006FB5C1 /* PBXContainerItemProxy */;
		};
/* End PBXTargetDependency section */

/* Begin XCBuildConfiguration section */
		4DD8A74028DF49F8006FB5C1 /* Debug */ = {
			isa = XCBuildConfiguration;
			buildSettings = {
				ALWAYS_SEARCH_USER_PATHS = NO;
				CLANG_ANALYZER_NONNULL = YES;
				CLANG_ANALYZER_NUMBER_OBJECT_CONVERSION = YES_AGGRESSIVE;
				CLANG_CXX_LANGUAGE_STANDARD = "gnu++20";
				CLANG_ENABLE_MODULES = YES;
				CLANG_ENABLE_OBJC_ARC = YES;
				CLANG_ENABLE_OBJC_WEAK = YES;
				CLANG_WARN_BLOCK_CAPTURE_AUTORELEASING = YES;
				CLANG_WARN_BOOL_CONVERSION = YES;
				CLANG_WARN_COMMA = YES;
				CLANG_WARN_CONSTANT_CONVERSION = YES;
				CLANG_WARN_DEPRECATED_OBJC_IMPLEMENTATIONS = YES;
				CLANG_WARN_DIRECT_OBJC_ISA_USAGE = YES_ERROR;
				CLANG_WARN_DOCUMENTATION_COMMENTS = YES;
				CLANG_WARN_EMPTY_BODY = YES;
				CLANG_WARN_ENUM_CONVERSION = YES;
				CLANG_WARN_INFINITE_RECURSION = YES;
				CLANG_WARN_INT_CONVERSION = YES;
				CLANG_WARN_NON_LITERAL_NULL_CONVERSION = YES;
				CLANG_WARN_OBJC_IMPLICIT_RETAIN_SELF = YES;
				CLANG_WARN_OBJC_LITERAL_CONVERSION = YES;
				CLANG_WARN_OBJC_ROOT_CLASS = YES_ERROR;
				CLANG_WARN_QUOTED_INCLUDE_IN_FRAMEWORK_HEADER = YES;
				CLANG_WARN_RANGE_LOOP_ANALYSIS = YES;
				CLANG_WARN_STRICT_PROTOTYPES = YES;
				CLANG_WARN_SUSPICIOUS_MOVE = YES;
				CLANG_WARN_UNGUARDED_AVAILABILITY = YES_AGGRESSIVE;
				CLANG_WARN_UNREACHABLE_CODE = YES;
				CLANG_WARN__DUPLICATE_METHOD_MATCH = YES;
				COPY_PHASE_STRIP = NO;
				DEBUG_INFORMATION_FORMAT = dwarf;
				ENABLE_STRICT_OBJC_MSGSEND = YES;
				ENABLE_TESTABILITY = YES;
				GCC_C_LANGUAGE_STANDARD = gnu11;
				GCC_DYNAMIC_NO_PIC = NO;
				GCC_NO_COMMON_BLOCKS = YES;
				GCC_OPTIMIZATION_LEVEL = 0;
				GCC_PREPROCESSOR_DEFINITIONS = (
					"DEBUG=1",
					"$(inherited)",
				);
				GCC_WARN_64_TO_32_BIT_CONVERSION = YES;
				GCC_WARN_ABOUT_RETURN_TYPE = YES_ERROR;
				GCC_WARN_UNDECLARED_SELECTOR = YES;
				GCC_WARN_UNINITIALIZED_AUTOS = YES_AGGRESSIVE;
				GCC_WARN_UNUSED_FUNCTION = YES;
				GCC_WARN_UNUSED_VARIABLE = YES;
				MTL_ENABLE_DEBUG_INFO = INCLUDE_SOURCE;
				MTL_FAST_MATH = YES;
				ONLY_ACTIVE_ARCH = YES;
				SWIFT_ACTIVE_COMPILATION_CONDITIONS = DEBUG;
				SWIFT_OPTIMIZATION_LEVEL = "-Onone";
			};
			name = Debug;
		};
		4DD8A74128DF49F8006FB5C1 /* Release */ = {
			isa = XCBuildConfiguration;
			buildSettings = {
				ALWAYS_SEARCH_USER_PATHS = NO;
				CLANG_ANALYZER_NONNULL = YES;
				CLANG_ANALYZER_NUMBER_OBJECT_CONVERSION = YES_AGGRESSIVE;
				CLANG_CXX_LANGUAGE_STANDARD = "gnu++20";
				CLANG_ENABLE_MODULES = YES;
				CLANG_ENABLE_OBJC_ARC = YES;
				CLANG_ENABLE_OBJC_WEAK = YES;
				CLANG_WARN_BLOCK_CAPTURE_AUTORELEASING = YES;
				CLANG_WARN_BOOL_CONVERSION = YES;
				CLANG_WARN_COMMA = YES;
				CLANG_WARN_CONSTANT_CONVERSION = YES;
				CLANG_WARN_DEPRECATED_OBJC_IMPLEMENTATIONS = YES;
				CLANG_WARN_DIRECT_OBJC_ISA_USAGE = YES_ERROR;
				CLANG_WARN_DOCUMENTATION_COMMENTS = YES;
				CLANG_WARN_EMPTY_BODY = YES;
				CLANG_WARN_ENUM_CONVERSION = YES;
				CLANG_WARN_INFINITE_RECURSION = YES;
				CLANG_WARN_INT_CONVERSION = YES;
				CLANG_WARN_NON_LITERAL_NULL_CONVERSION = YES;
				CLANG_WARN_OBJC_IMPLICIT_RETAIN_SELF = YES;
				CLANG_WARN_OBJC_LITERAL_CONVERSION = YES;
				CLANG_WARN_OBJC_ROOT_CLASS = YES_ERROR;
				CLANG_WARN_QUOTED_INCLUDE_IN_FRAMEWORK_HEADER = YES;
				CLANG_WARN_RANGE_LOOP_ANALYSIS = YES;
				CLANG_WARN_STRICT_PROTOTYPES = YES;
				CLANG_WARN_SUSPICIOUS_MOVE = YES;
				CLANG_WARN_UNGUARDED_AVAILABILITY = YES_AGGRESSIVE;
				CLANG_WARN_UNREACHABLE_CODE = YES;
				CLANG_WARN__DUPLICATE_METHOD_MATCH = YES;
				COPY_PHASE_STRIP = NO;
				DEBUG_INFORMATION_FORMAT = "dwarf-with-dsym";
				ENABLE_NS_ASSERTIONS = NO;
				ENABLE_STRICT_OBJC_MSGSEND = YES;
				GCC_C_LANGUAGE_STANDARD = gnu11;
				GCC_NO_COMMON_BLOCKS = YES;
				GCC_WARN_64_TO_32_BIT_CONVERSION = YES;
				GCC_WARN_ABOUT_RETURN_TYPE = YES_ERROR;
				GCC_WARN_UNDECLARED_SELECTOR = YES;
				GCC_WARN_UNINITIALIZED_AUTOS = YES_AGGRESSIVE;
				GCC_WARN_UNUSED_FUNCTION = YES;
				GCC_WARN_UNUSED_VARIABLE = YES;
				MTL_ENABLE_DEBUG_INFO = NO;
				MTL_FAST_MATH = YES;
				SWIFT_COMPILATION_MODE = wholemodule;
				SWIFT_OPTIMIZATION_LEVEL = "-O";
			};
			name = Release;
		};
		4DD8A74328DF49F8006FB5C1 /* Debug */ = {
			isa = XCBuildConfiguration;
			buildSettings = {
				ASSETCATALOG_COMPILER_APPICON_NAME = AppIcon;
				ASSETCATALOG_COMPILER_GLOBAL_ACCENT_COLOR_NAME = AccentColor;
				ASSETCATALOG_COMPILER_INCLUDE_ALL_APPICON_ASSETS = YES;
				CODE_SIGN_STYLE = Automatic;
				CURRENT_PROJECT_VERSION = 1;
				DEVELOPMENT_ASSET_PATHS = "\"BPMTap Watch App/Preview Content\"";
				DEVELOPMENT_TEAM = R6SSQ5A38J;
				ENABLE_PREVIEWS = YES;
				GENERATE_INFOPLIST_FILE = YES;
				INFOPLIST_KEY_CFBundleDisplayName = BPMTap;
				INFOPLIST_KEY_UISupportedInterfaceOrientations = "UIInterfaceOrientationPortrait UIInterfaceOrientationPortraitUpsideDown";
				INFOPLIST_KEY_WKWatchOnly = YES;
				LD_RUNPATH_SEARCH_PATHS = (
					"$(inherited)",
					"@executable_path/Frameworks",
				);
				MARKETING_VERSION = 3.0;
				PRODUCT_BUNDLE_IDENTIFIER = com.synbydesign.BPMTap.watchkitapp;
				PRODUCT_NAME = "$(TARGET_NAME)";
				SDKROOT = watchos;
				SKIP_INSTALL = YES;
				SWIFT_EMIT_LOC_STRINGS = YES;
				SWIFT_VERSION = 5.0;
				TARGETED_DEVICE_FAMILY = 4;
				WATCHOS_DEPLOYMENT_TARGET = 9.0;
			};
			name = Debug;
		};
		4DD8A74428DF49F8006FB5C1 /* Release */ = {
			isa = XCBuildConfiguration;
			buildSettings = {
				ASSETCATALOG_COMPILER_APPICON_NAME = AppIcon;
				ASSETCATALOG_COMPILER_GLOBAL_ACCENT_COLOR_NAME = AccentColor;
				ASSETCATALOG_COMPILER_INCLUDE_ALL_APPICON_ASSETS = YES;
				CODE_SIGN_STYLE = Automatic;
				CURRENT_PROJECT_VERSION = 1;
				DEVELOPMENT_ASSET_PATHS = "\"BPMTap Watch App/Preview Content\"";
				DEVELOPMENT_TEAM = R6SSQ5A38J;
				ENABLE_PREVIEWS = YES;
				GENERATE_INFOPLIST_FILE = YES;
				INFOPLIST_KEY_CFBundleDisplayName = BPMTap;
				INFOPLIST_KEY_UISupportedInterfaceOrientations = "UIInterfaceOrientationPortrait UIInterfaceOrientationPortraitUpsideDown";
				INFOPLIST_KEY_WKWatchOnly = YES;
				LD_RUNPATH_SEARCH_PATHS = (
					"$(inherited)",
					"@executable_path/Frameworks",
				);
				MARKETING_VERSION = 3.0;
				PRODUCT_BUNDLE_IDENTIFIER = com.synbydesign.BPMTap.watchkitapp;
				PRODUCT_NAME = "$(TARGET_NAME)";
				SDKROOT = watchos;
				SKIP_INSTALL = YES;
				SWIFT_EMIT_LOC_STRINGS = YES;
				SWIFT_VERSION = 5.0;
				TARGETED_DEVICE_FAMILY = 4;
				VALIDATE_PRODUCT = YES;
				WATCHOS_DEPLOYMENT_TARGET = 9.0;
			};
			name = Release;
		};
		4DD8A74728DF49F8006FB5C1 /* Debug */ = {
			isa = XCBuildConfiguration;
			buildSettings = {
				ALWAYS_EMBED_SWIFT_STANDARD_LIBRARIES = YES;
				CODE_SIGN_STYLE = Automatic;
				CURRENT_PROJECT_VERSION = 2;
				DEVELOPMENT_TEAM = R6SSQ5A38J;
				INFOPLIST_KEY_CFBundleDisplayName = "Tap 4 BPM";
				MARKETING_VERSION = 3.0;
				PRODUCT_BUNDLE_IDENTIFIER = com.synbydesign.BPMTap;
				PRODUCT_NAME = "Tap 4 BPM";
				SDKROOT = iphoneos;
				SWIFT_VERSION = 5.0;
			};
			name = Debug;
		};
		4DD8A74828DF49F8006FB5C1 /* Release */ = {
			isa = XCBuildConfiguration;
			buildSettings = {
				ALWAYS_EMBED_SWIFT_STANDARD_LIBRARIES = YES;
				CODE_SIGN_STYLE = Automatic;
				CURRENT_PROJECT_VERSION = 2;
				DEVELOPMENT_TEAM = R6SSQ5A38J;
				INFOPLIST_KEY_CFBundleDisplayName = "Tap 4 BPM";
				MARKETING_VERSION = 3.0;
				PRODUCT_BUNDLE_IDENTIFIER = com.synbydesign.BPMTap;
				PRODUCT_NAME = "Tap 4 BPM";
				SDKROOT = iphoneos;
				SWIFT_VERSION = 5.0;
				VALIDATE_PRODUCT = YES;
			};
			name = Release;
		};
		4DD8A74A28DF49F8006FB5C1 /* Debug */ = {
			isa = XCBuildConfiguration;
			buildSettings = {
				ALWAYS_EMBED_SWIFT_STANDARD_LIBRARIES = YES;
				BUNDLE_LOADER = "$(TEST_HOST)";
				CODE_SIGN_STYLE = Automatic;
				CURRENT_PROJECT_VERSION = 1;
				DEVELOPMENT_TEAM = R6SSQ5A38J;
				GENERATE_INFOPLIST_FILE = YES;
				MARKETING_VERSION = 1.0;
				PRODUCT_BUNDLE_IDENTIFIER = "com.synbydesign.BPMTap-Watch-AppTests";
				PRODUCT_NAME = "$(TARGET_NAME)";
				SDKROOT = watchos;
				SWIFT_EMIT_LOC_STRINGS = NO;
				SWIFT_VERSION = 5.0;
				TARGETED_DEVICE_FAMILY = 4;
				TEST_HOST = "$(BUILT_PRODUCTS_DIR)/BPMTap Watch App.app/$(BUNDLE_EXECUTABLE_FOLDER_PATH)/BPMTap Watch App";
				WATCHOS_DEPLOYMENT_TARGET = 9.0;
			};
			name = Debug;
		};
		4DD8A74B28DF49F8006FB5C1 /* Release */ = {
			isa = XCBuildConfiguration;
			buildSettings = {
				ALWAYS_EMBED_SWIFT_STANDARD_LIBRARIES = YES;
				BUNDLE_LOADER = "$(TEST_HOST)";
				CODE_SIGN_STYLE = Automatic;
				CURRENT_PROJECT_VERSION = 1;
				DEVELOPMENT_TEAM = R6SSQ5A38J;
				GENERATE_INFOPLIST_FILE = YES;
				MARKETING_VERSION = 1.0;
				PRODUCT_BUNDLE_IDENTIFIER = "com.synbydesign.BPMTap-Watch-AppTests";
				PRODUCT_NAME = "$(TARGET_NAME)";
				SDKROOT = watchos;
				SWIFT_EMIT_LOC_STRINGS = NO;
				SWIFT_VERSION = 5.0;
				TARGETED_DEVICE_FAMILY = 4;
				TEST_HOST = "$(BUILT_PRODUCTS_DIR)/BPMTap Watch App.app/$(BUNDLE_EXECUTABLE_FOLDER_PATH)/BPMTap Watch App";
				VALIDATE_PRODUCT = YES;
				WATCHOS_DEPLOYMENT_TARGET = 9.0;
			};
			name = Release;
		};
		4DD8A74D28DF49F8006FB5C1 /* Debug */ = {
			isa = XCBuildConfiguration;
			buildSettings = {
				ALWAYS_EMBED_SWIFT_STANDARD_LIBRARIES = YES;
				CODE_SIGN_STYLE = Automatic;
				CURRENT_PROJECT_VERSION = 1;
				DEVELOPMENT_TEAM = R6SSQ5A38J;
				GENERATE_INFOPLIST_FILE = YES;
				MARKETING_VERSION = 1.0;
				PRODUCT_BUNDLE_IDENTIFIER = "com.synbydesign.BPMTap-Watch-AppUITests";
				PRODUCT_NAME = "$(TARGET_NAME)";
				SDKROOT = watchos;
				SWIFT_EMIT_LOC_STRINGS = NO;
				SWIFT_VERSION = 5.0;
				TARGETED_DEVICE_FAMILY = 4;
				TEST_TARGET_NAME = "BPMTap Watch App";
				WATCHOS_DEPLOYMENT_TARGET = 9.0;
			};
			name = Debug;
		};
		4DD8A74E28DF49F8006FB5C1 /* Release */ = {
			isa = XCBuildConfiguration;
			buildSettings = {
				ALWAYS_EMBED_SWIFT_STANDARD_LIBRARIES = YES;
				CODE_SIGN_STYLE = Automatic;
				CURRENT_PROJECT_VERSION = 1;
				DEVELOPMENT_TEAM = R6SSQ5A38J;
				GENERATE_INFOPLIST_FILE = YES;
				MARKETING_VERSION = 1.0;
				PRODUCT_BUNDLE_IDENTIFIER = "com.synbydesign.BPMTap-Watch-AppUITests";
				PRODUCT_NAME = "$(TARGET_NAME)";
				SDKROOT = watchos;
				SWIFT_EMIT_LOC_STRINGS = NO;
				SWIFT_VERSION = 5.0;
				TARGETED_DEVICE_FAMILY = 4;
				TEST_TARGET_NAME = "BPMTap Watch App";
				VALIDATE_PRODUCT = YES;
				WATCHOS_DEPLOYMENT_TARGET = 9.0;
			};
			name = Release;
		};
/* End XCBuildConfiguration section */

/* Begin XCConfigurationList section */
		4DD8A71328DF49F7006FB5C1 /* Build configuration list for PBXProject "BPMTap" */ = {
			isa = XCConfigurationList;
			buildConfigurations = (
				4DD8A74028DF49F8006FB5C1 /* Debug */,
				4DD8A74128DF49F8006FB5C1 /* Release */,
			);
			defaultConfigurationIsVisible = 0;
			defaultConfigurationName = Release;
		};
		4DD8A74228DF49F8006FB5C1 /* Build configuration list for PBXNativeTarget "BPMTap Watch App" */ = {
			isa = XCConfigurationList;
			buildConfigurations = (
				4DD8A74328DF49F8006FB5C1 /* Debug */,
				4DD8A74428DF49F8006FB5C1 /* Release */,
			);
			defaultConfigurationIsVisible = 0;
			defaultConfigurationName = Release;
		};
		4DD8A74628DF49F8006FB5C1 /* Build configuration list for PBXNativeTarget "BPMTap" */ = {
			isa = XCConfigurationList;
			buildConfigurations = (
				4DD8A74728DF49F8006FB5C1 /* Debug */,
				4DD8A74828DF49F8006FB5C1 /* Release */,
			);
			defaultConfigurationIsVisible = 0;
			defaultConfigurationName = Release;
		};
		4DD8A74928DF49F8006FB5C1 /* Build configuration list for PBXNativeTarget "BPMTap Watch AppTests" */ = {
			isa = XCConfigurationList;
			buildConfigurations = (
				4DD8A74A28DF49F8006FB5C1 /* Debug */,
				4DD8A74B28DF49F8006FB5C1 /* Release */,
			);
			defaultConfigurationIsVisible = 0;
			defaultConfigurationName = Release;
		};
		4DD8A74C28DF49F8006FB5C1 /* Build configuration list for PBXNativeTarget "BPMTap Watch AppUITests" */ = {
			isa = XCConfigurationList;
			buildConfigurations = (
				4DD8A74D28DF49F8006FB5C1 /* Debug */,
				4DD8A74E28DF49F8006FB5C1 /* Release */,
			);
			defaultConfigurationIsVisible = 0;
			defaultConfigurationName = Release;
		};
/* End XCConfigurationList section */
	};
	rootObject = 4DD8A71028DF49F7006FB5C1 /* Project object */;
}
